
Microsoft Visual Studio Solution File, Format Version 12.00
# Visual Studio 15
VisualStudioVersion = 15.0.27428.2043
MinimumVisualStudioVersion = 10.0.40219.1
Project("{00D1A9C2-B5F0-4AF3-8072-F6C62B433612}") = "SQL-APIConsumer", "API_Consumer\SQL-APIConsumer.sqlproj", "{3026EF9E-7AF6-4BAF-B9C6-338F536E091A}"
EndProject
Global
	GlobalSection(SolutionConfigurationPlatforms) = preSolution
		Debug|Any CPU = Debug|Any CPU
		Release|Any CPU = Release|Any CPU
	EndGlobalSection
	GlobalSection(ProjectConfigurationPlatforms) = postSolution
		{3026EF9E-7AF6-4BAF-B9C6-338F536E091A}.Debug|Any CPU.ActiveCfg = Debug|Any CPU
		{3026EF9E-7AF6-4BAF-B9C6-338F536E091A}.Debug|Any CPU.Build.0 = Debug|Any CPU
		{3026EF9E-7AF6-4BAF-B9C6-338F536E091A}.Debug|Any CPU.Deploy.0 = Debug|Any CPU
		{3026EF9E-7AF6-4BAF-B9C6-338F536E091A}.Release|Any CPU.ActiveCfg = Release|Any CPU
		{3026EF9E-7AF6-4BAF-B9C6-338F536E091A}.Release|Any CPU.Build.0 = Release|Any CPU
		{3026EF9E-7AF6-4BAF-B9C6-338F536E091A}.Release|Any CPU.Deploy.0 = Release|Any CPU
	EndGlobalSection
	GlobalSection(SolutionProperties) = preSolution
		HideSolutionNode = FALSE
	EndGlobalSection
	GlobalSection(ExtensibilityGlobals) = postSolution
		SolutionGuid = {C223CB8E-223F-4472-BDDA-F4F8BA456E0D}
	EndGlobalSection
EndGlobal
